{
    "_readme": [
        "This file locks the dependencies of your project to a known state",
        "Read more about it at https://getcomposer.org/doc/01-basic-usage.md#composer-lock-the-lock-file",
        "This file is @generated automatically"
    ],
    "hash": "a320d4527f0366e8a03d3ee91ab78b62",
    "content-hash": "7a4051051098e262f378e53ce25325d4",
    "packages": [
        {
            "name": "almasaeed2010/adminlte",
            "version": "v2.3.6",
            "source": {
                "type": "git",
                "url": "https://github.com/almasaeed2010/AdminLTE.git",
                "reference": "be11566d9539370b196ac85f22a6baf9f42c87cb"
            },
            "dist": {
                "type": "zip",
                "url": "https://api.github.com/repos/almasaeed2010/AdminLTE/zipball/be11566d9539370b196ac85f22a6baf9f42c87cb",
                "reference": "be11566d9539370b196ac85f22a6baf9f42c87cb",
                "shasum": ""
            },
            "type": "library",
            "notification-url": "https://packagist.org/downloads/",
            "license": [
                "MIT"
            ],
            "authors": [
                {
                    "name": "Abdullah Almsaeed",
                    "email": "abdullah@almsaeedstudio.com"
                }
            ],
            "description": "AdminLTE - admin control panel and dashboard that's based on Bootstrap 3",
            "homepage": "http://almsaeedstudio.com/",
            "keywords": [
                "JS",
                "admin",
                "back-end",
                "css",
                "less",
                "responsive",
                "template",
                "theme",
                "web"
            ],
            "time": "2016-08-04 23:22:06"
        }
    ],
    "packages-dev": [],
    "aliases": [],
    "minimum-stability": "stable",
    "stability-flags": [],
    "prefer-stable": false,
    "prefer-lowest": false,
    "platform": [],
    "platform-dev": []
}
